
Microsoft Visual Studio Solution File, Format Version 11.00
# Visual C# Express 2010
Project("{FAE04EC0-301F-11D3-BF4B-00C04F79EFBC}") = "PowerShellComponent", "PowerShellComponent\PowerShellComponent.csproj", "{00213ED3-F105-4E91-A5ED-1A6F7CCB994D}"
EndProject
Global
	GlobalSection(SolutionConfigurationPlatforms) = preSolution
		Debug|Any CPU = Debug|Any CPU
		Release|Any CPU = Release|Any CPU
	EndGlobalSection
	GlobalSection(ProjectConfigurationPlatforms) = postSolution
		{00213ED3-F105-4E91-A5ED-1A6F7CCB994D}.Debug|Any CPU.ActiveCfg = Debug|Any CPU
		{00213ED3-F105-4E91-A5ED-1A6F7CCB994D}.Debug|Any CPU.Build.0 = Debug|Any CPU
		{00213ED3-F105-4E91-A5ED-1A6F7CCB994D}.Release|Any CPU.ActiveCfg = Release|Any CPU
		{00213ED3-F105-4E91-A5ED-1A6F7CCB994D}.Release|Any CPU.Build.0 = Release|Any CPU
	EndGlobalSection
	GlobalSection(SolutionProperties) = preSolution
		HideSolutionNode = FALSE
	EndGlobalSection
EndGlobal
